
Microsoft Visual Studio Solution File, Format Version 12.00
# Visual Studio Version 16
VisualStudioVersion = 16.0.29709.97
MinimumVisualStudioVersion = 10.0.40219.1
Project("{FAE04EC0-301F-11D3-BF4B-00C04F79EFBC}") = "CustomCollections", "CustomCollections\CustomCollections.csproj", "{289931F0-113C-4843-8EAD-B2FAB5F1C04C}"
EndProject
Project("{FAE04EC0-301F-11D3-BF4B-00C04F79EFBC}") = "MyApp", "MyApp\MyApp.csproj", "{115C9935-C49F-42BD-97E0-98FD07083276}"
EndProject
Global
	GlobalSection(SolutionConfigurationPlatforms) = preSolution
		Debug|Any CPU = Debug|Any CPU
		Release|Any CPU = Release|Any CPU
	EndGlobalSection
	GlobalSection(ProjectConfigurationPlatforms) = postSolution
		{289931F0-113C-4843-8EAD-B2FAB5F1C04C}.Debug|Any CPU.ActiveCfg = Debug|Any CPU
		{289931F0-113C-4843-8EAD-B2FAB5F1C04C}.Debug|Any CPU.Build.0 = Debug|Any CPU
		{289931F0-113C-4843-8EAD-B2FAB5F1C04C}.Release|Any CPU.ActiveCfg = Release|Any CPU
		{289931F0-113C-4843-8EAD-B2FAB5F1C04C}.Release|Any CPU.Build.0 = Release|Any CPU
		{115C9935-C49F-42BD-97E0-98FD07083276}.Debug|Any CPU.ActiveCfg = Debug|Any CPU
		{115C9935-C49F-42BD-97E0-98FD07083276}.Debug|Any CPU.Build.0 = Debug|Any CPU
		{115C9935-C49F-42BD-97E0-98FD07083276}.Release|Any CPU.ActiveCfg = Release|Any CPU
		{115C9935-C49F-42BD-97E0-98FD07083276}.Release|Any CPU.Build.0 = Release|Any CPU
	EndGlobalSection
	GlobalSection(SolutionProperties) = preSolution
		HideSolutionNode = FALSE
	EndGlobalSection
	GlobalSection(ExtensibilityGlobals) = postSolution
		SolutionGuid = {ED69B235-0D67-4305-8527-03F0E813FEED}
	EndGlobalSection
EndGlobal
